
Microsoft Visual Studio Solution File, Format Version 12.00
# Visual Studio Version 16
VisualStudioVersion = 16.0.31624.102
MinimumVisualStudioVersion = 10.0.40219.1
Project("{2150E333-8FDC-42A3-9474-1A3956D46DE8}") = "DataAccess", "DataAccess", "{6901DD6A-39AA-44E4-B1E3-77CD0C3A65DB}"
EndProject
Project("{2150E333-8FDC-42A3-9474-1A3956D46DE8}") = "PatientWebAPI", "PatientWebAPI", "{1DB2FE06-B39B-405B-B5F9-1BD0CDEA7D17}"
EndProject
Project("{2150E333-8FDC-42A3-9474-1A3956D46DE8}") = "Domain", "Domain", "{975BF4EE-06D0-4AB8-B58D-2AAE2AEF4E9A}"
EndProject
Project("{2150E333-8FDC-42A3-9474-1A3956D46DE8}") = "UnitTest", "UnitTest", "{C863D3E0-0522-4A30-8FA2-1DD20B4EC9EE}"
	ProjectSection(SolutionItems) = preProject
		unit.cs = unit.cs
	EndProjectSection
EndProject
Project("{FAE04EC0-301F-11D3-BF4B-00C04F79EFBC}") = "CMD.PatientService.Domain", "CMD.PatientService.Domain\CMD.PatientService.Domain.csproj", "{D84592E1-6717-4D0C-9608-1F59DB6CF62A}"
EndProject
Project("{FAE04EC0-301F-11D3-BF4B-00C04F79EFBC}") = "CMD.PatientService.Data", "CMD.PatientService.Data\CMD.PatientService.Data.csproj", "{E0DDD51A-045B-4F20-8E74-3D77405EFD31}"
EndProject
Project("{FAE04EC0-301F-11D3-BF4B-00C04F79EFBC}") = "PatientWebAPIServices", "PatientWebAPIServices\PatientWebAPIServices.csproj", "{55289AB9-AF72-48C6-AA99-68578B13DB6B}"
EndProject
Project("{FAE04EC0-301F-11D3-BF4B-00C04F79EFBC}") = "Unittest", "Unittest\Unittest.csproj", "{3E28DD7A-0992-45FF-96C4-800148EC963A}"
EndProject
Global
	GlobalSection(SolutionConfigurationPlatforms) = preSolution
		Debug|Any CPU = Debug|Any CPU
		Release|Any CPU = Release|Any CPU
	EndGlobalSection
	GlobalSection(ProjectConfigurationPlatforms) = postSolution
		{D84592E1-6717-4D0C-9608-1F59DB6CF62A}.Debug|Any CPU.ActiveCfg = Debug|Any CPU
		{D84592E1-6717-4D0C-9608-1F59DB6CF62A}.Debug|Any CPU.Build.0 = Debug|Any CPU
		{D84592E1-6717-4D0C-9608-1F59DB6CF62A}.Release|Any CPU.ActiveCfg = Release|Any CPU
		{D84592E1-6717-4D0C-9608-1F59DB6CF62A}.Release|Any CPU.Build.0 = Release|Any CPU
		{E0DDD51A-045B-4F20-8E74-3D77405EFD31}.Debug|Any CPU.ActiveCfg = Debug|Any CPU
		{E0DDD51A-045B-4F20-8E74-3D77405EFD31}.Debug|Any CPU.Build.0 = Debug|Any CPU
		{E0DDD51A-045B-4F20-8E74-3D77405EFD31}.Release|Any CPU.ActiveCfg = Release|Any CPU
		{E0DDD51A-045B-4F20-8E74-3D77405EFD31}.Release|Any CPU.Build.0 = Release|Any CPU
		{55289AB9-AF72-48C6-AA99-68578B13DB6B}.Debug|Any CPU.ActiveCfg = Debug|Any CPU
		{55289AB9-AF72-48C6-AA99-68578B13DB6B}.Debug|Any CPU.Build.0 = Debug|Any CPU
		{55289AB9-AF72-48C6-AA99-68578B13DB6B}.Release|Any CPU.ActiveCfg = Release|Any CPU
		{55289AB9-AF72-48C6-AA99-68578B13DB6B}.Release|Any CPU.Build.0 = Release|Any CPU
		{3E28DD7A-0992-45FF-96C4-800148EC963A}.Debug|Any CPU.ActiveCfg = Debug|Any CPU
		{3E28DD7A-0992-45FF-96C4-800148EC963A}.Debug|Any CPU.Build.0 = Debug|Any CPU
		{3E28DD7A-0992-45FF-96C4-800148EC963A}.Release|Any CPU.ActiveCfg = Release|Any CPU
		{3E28DD7A-0992-45FF-96C4-800148EC963A}.Release|Any CPU.Build.0 = Release|Any CPU
	EndGlobalSection
	GlobalSection(SolutionProperties) = preSolution
		HideSolutionNode = FALSE
	EndGlobalSection
	GlobalSection(NestedProjects) = preSolution
		{D84592E1-6717-4D0C-9608-1F59DB6CF62A} = {975BF4EE-06D0-4AB8-B58D-2AAE2AEF4E9A}
		{E0DDD51A-045B-4F20-8E74-3D77405EFD31} = {6901DD6A-39AA-44E4-B1E3-77CD0C3A65DB}
		{55289AB9-AF72-48C6-AA99-68578B13DB6B} = {1DB2FE06-B39B-405B-B5F9-1BD0CDEA7D17}
		{3E28DD7A-0992-45FF-96C4-800148EC963A} = {C863D3E0-0522-4A30-8FA2-1DD20B4EC9EE}
	EndGlobalSection
	GlobalSection(ExtensibilityGlobals) = postSolution
		SolutionGuid = {B43230B0-6EC6-46CA-A887-C96C6E79D8FA}
	EndGlobalSection
EndGlobal
